
Microsoft Visual Studio Solution File, Format Version 12.00
# Visual Studio 14
VisualStudioVersion = 14.0.25420.1
MinimumVisualStudioVersion = 10.0.40219.1
Project("{FAE04EC0-301F-11D3-BF4B-00C04F79EFBC}") = "hw6", "hw6\hw6.csproj", "{3A7C7150-B029-423D-ADE1-11F5EFD1CB14}"
EndProject
Project("{FAE04EC0-301F-11D3-BF4B-00C04F79EFBC}") = "test2", "test2\test2.csproj", "{7155452E-7CB2-4050-9DAD-3929B6C7ECEE}"
EndProject
Project("{FAE04EC0-301F-11D3-BF4B-00C04F79EFBC}") = "newtry", "newtry\newtry.csproj", "{BA98E06F-2166-4B92-83A4-14E4B0DCCEA3}"
EndProject
Global
	GlobalSection(SolutionConfigurationPlatforms) = preSolution
		Debug|Any CPU = Debug|Any CPU
		Release|Any CPU = Release|Any CPU
	EndGlobalSection
	GlobalSection(ProjectConfigurationPlatforms) = postSolution
		{3A7C7150-B029-423D-ADE1-11F5EFD1CB14}.Debug|Any CPU.ActiveCfg = Debug|Any CPU
		{3A7C7150-B029-423D-ADE1-11F5EFD1CB14}.Debug|Any CPU.Build.0 = Debug|Any CPU
		{3A7C7150-B029-423D-ADE1-11F5EFD1CB14}.Release|Any CPU.ActiveCfg = Release|Any CPU
		{3A7C7150-B029-423D-ADE1-11F5EFD1CB14}.Release|Any CPU.Build.0 = Release|Any CPU
		{7155452E-7CB2-4050-9DAD-3929B6C7ECEE}.Debug|Any CPU.ActiveCfg = Debug|Any CPU
		{7155452E-7CB2-4050-9DAD-3929B6C7ECEE}.Debug|Any CPU.Build.0 = Debug|Any CPU
		{7155452E-7CB2-4050-9DAD-3929B6C7ECEE}.Release|Any CPU.ActiveCfg = Release|Any CPU
		{7155452E-7CB2-4050-9DAD-3929B6C7ECEE}.Release|Any CPU.Build.0 = Release|Any CPU
		{BA98E06F-2166-4B92-83A4-14E4B0DCCEA3}.Debug|Any CPU.ActiveCfg = Debug|Any CPU
		{BA98E06F-2166-4B92-83A4-14E4B0DCCEA3}.Debug|Any CPU.Build.0 = Debug|Any CPU
		{BA98E06F-2166-4B92-83A4-14E4B0DCCEA3}.Release|Any CPU.ActiveCfg = Release|Any CPU
		{BA98E06F-2166-4B92-83A4-14E4B0DCCEA3}.Release|Any CPU.Build.0 = Release|Any CPU
	EndGlobalSection
	GlobalSection(SolutionProperties) = preSolution
		HideSolutionNode = FALSE
	EndGlobalSection
EndGlobal
